
Microsoft Visual Studio Solution File, Format Version 12.00
# Visual Studio 14
VisualStudioVersion = 14.0.25420.1
MinimumVisualStudioVersion = 10.0.40219.1
Project("{8BC9CEB8-8B4A-11D0-8D11-00A0C91BC942}") = "自动获取串口", "自动获取串口\自动获取串口.vcxproj", "{E82F2C07-6427-4347-8B09-3D838DE19F60}"
EndProject
Project("{8BC9CEB8-8B4A-11D0-8D11-00A0C91BC942}") = "打开串口", "打开串口\打开串口.vcxproj", "{0F8AFCF8-06D2-4C70-BEAE-CB7BC1EAE83A}"
EndProject
Global
	GlobalSection(SolutionConfigurationPlatforms) = preSolution
		Debug|x64 = Debug|x64
		Debug|x86 = Debug|x86
		Release|x64 = Release|x64
		Release|x86 = Release|x86
	EndGlobalSection
	GlobalSection(ProjectConfigurationPlatforms) = postSolution
		{E82F2C07-6427-4347-8B09-3D838DE19F60}.Debug|x64.ActiveCfg = Debug|x64
		{E82F2C07-6427-4347-8B09-3D838DE19F60}.Debug|x64.Build.0 = Debug|x64
		{E82F2C07-6427-4347-8B09-3D838DE19F60}.Debug|x86.ActiveCfg = Debug|Win32
		{E82F2C07-6427-4347-8B09-3D838DE19F60}.Debug|x86.Build.0 = Debug|Win32
		{E82F2C07-6427-4347-8B09-3D838DE19F60}.Release|x64.ActiveCfg = Release|x64
		{E82F2C07-6427-4347-8B09-3D838DE19F60}.Release|x64.Build.0 = Release|x64
		{E82F2C07-6427-4347-8B09-3D838DE19F60}.Release|x86.ActiveCfg = Release|Win32
		{E82F2C07-6427-4347-8B09-3D838DE19F60}.Release|x86.Build.0 = Release|Win32
		{0F8AFCF8-06D2-4C70-BEAE-CB7BC1EAE83A}.Debug|x64.ActiveCfg = Debug|x64
		{0F8AFCF8-06D2-4C70-BEAE-CB7BC1EAE83A}.Debug|x64.Build.0 = Debug|x64
		{0F8AFCF8-06D2-4C70-BEAE-CB7BC1EAE83A}.Debug|x86.ActiveCfg = Debug|Win32
		{0F8AFCF8-06D2-4C70-BEAE-CB7BC1EAE83A}.Debug|x86.Build.0 = Debug|Win32
		{0F8AFCF8-06D2-4C70-BEAE-CB7BC1EAE83A}.Release|x64.ActiveCfg = Release|x64
		{0F8AFCF8-06D2-4C70-BEAE-CB7BC1EAE83A}.Release|x64.Build.0 = Release|x64
		{0F8AFCF8-06D2-4C70-BEAE-CB7BC1EAE83A}.Release|x86.ActiveCfg = Release|Win32
		{0F8AFCF8-06D2-4C70-BEAE-CB7BC1EAE83A}.Release|x86.Build.0 = Release|Win32
	EndGlobalSection
	GlobalSection(SolutionProperties) = preSolution
		HideSolutionNode = FALSE
	EndGlobalSection
EndGlobal
